
Microsoft Visual Studio Solution File, Format Version 11.00
# Visual Studio 2010
Project("{FAE04EC0-301F-11D3-BF4B-00C04F79EFBC}") = "AVRonArduino", "AVRonArduino\AVRonArduino.csproj", "{4F43ACEE-59CA-4379-AF30-D8274200344D}"
EndProject
Project("{FAE04EC0-301F-11D3-BF4B-00C04F79EFBC}") = "AVRonArduinoInstaller", "AVRonArduinoInstaller\AVRonArduinoInstaller.csproj", "{BCA75050-FB82-4F04-99C0-860489669706}"
EndProject
Global
	GlobalSection(SolutionConfigurationPlatforms) = preSolution
		Debug|Any CPU = Debug|Any CPU
		Release|Any CPU = Release|Any CPU
	EndGlobalSection
	GlobalSection(ProjectConfigurationPlatforms) = postSolution
		{4F43ACEE-59CA-4379-AF30-D8274200344D}.Debug|Any CPU.ActiveCfg = Debug|Any CPU
		{4F43ACEE-59CA-4379-AF30-D8274200344D}.Debug|Any CPU.Build.0 = Debug|Any CPU
		{4F43ACEE-59CA-4379-AF30-D8274200344D}.Release|Any CPU.ActiveCfg = Release|Any CPU
		{4F43ACEE-59CA-4379-AF30-D8274200344D}.Release|Any CPU.Build.0 = Release|Any CPU
		{BCA75050-FB82-4F04-99C0-860489669706}.Debug|Any CPU.ActiveCfg = Debug|Any CPU
		{BCA75050-FB82-4F04-99C0-860489669706}.Debug|Any CPU.Build.0 = Debug|Any CPU
		{BCA75050-FB82-4F04-99C0-860489669706}.Release|Any CPU.ActiveCfg = Release|Any CPU
		{BCA75050-FB82-4F04-99C0-860489669706}.Release|Any CPU.Build.0 = Release|Any CPU
	EndGlobalSection
	GlobalSection(SolutionProperties) = preSolution
		HideSolutionNode = FALSE
	EndGlobalSection
EndGlobal
